
Microsoft Visual Studio Solution File, Format Version 12.00
# Visual Studio Version 17
VisualStudioVersion = 17.13.35825.156 d17.13
MinimumVisualStudioVersion = 10.0.40219.1
Project("{FAE04EC0-301F-11D3-BF4B-00C04F79EFBC}") = "Juego V6", "Juego V6.csproj", "{50B40BD7-2E48-42BF-9ABF-002AE5759A71}"
EndProject
Global
	GlobalSection(SolutionConfigurationPlatforms) = preSolution
		Debug|Any CPU = Debug|Any CPU
		Release|Any CPU = Release|Any CPU
	EndGlobalSection
	GlobalSection(ProjectConfigurationPlatforms) = postSolution
		{50B40BD7-2E48-42BF-9ABF-002AE5759A71}.Debug|Any CPU.ActiveCfg = Debug|Any CPU
		{50B40BD7-2E48-42BF-9ABF-002AE5759A71}.Debug|Any CPU.Build.0 = Debug|Any CPU
		{50B40BD7-2E48-42BF-9ABF-002AE5759A71}.Release|Any CPU.ActiveCfg = Release|Any CPU
		{50B40BD7-2E48-42BF-9ABF-002AE5759A71}.Release|Any CPU.Build.0 = Release|Any CPU
	EndGlobalSection
	GlobalSection(SolutionProperties) = preSolution
		HideSolutionNode = FALSE
	EndGlobalSection
	GlobalSection(ExtensibilityGlobals) = postSolution
		SolutionGuid = {27E79733-9193-4E5C-A8AC-F82679AA0016}
	EndGlobalSection
EndGlobal
